{
  "name": "@diplodoc/prettier-config",
  "version": "1.0.0",
  "lockfileVersion": 3,
  "requires": true,
  "packages": {
    "": {
      "name": "@diplodoc/prettier-config",
      "version": "1.0.0",
      "license": "MIT",
      "dependencies": {
        "@gravity-ui/prettier-config": "^1.1.0",
        "prettier": "^3.0.3"
      }
    },
    "node_modules/@gravity-ui/prettier-config": {
      "version": "1.1.0",
      "resolved": "https://registry.npmjs.org/@gravity-ui/prettier-config/-/prettier-config-1.1.0.tgz",
      "integrity": "sha512-Q97lMSOqdAf337qblkq06mLgK9OEEGglPAj8ncs3WnaZ2rBtOxtNsCIubv5U64TZkxaNPzxd7rDL24VIv1sxJg==",
      "peerDependencies": {
        "prettier": "*"
      }
    },
    "node_modules/prettier": {
      "version": "3.0.3",
      "resolved": "https://registry.npmjs.org/prettier/-/prettier-3.0.3.tgz",
      "integrity": "sha512-L/4pUDMxcNa8R/EthV08Zt42WBO4h1rarVtK0K+QJG0X187OLo7l699jWw0GKuwzkPQ//jMFA/8Xm6Fh3J/DAg==",
      "bin": {
        "prettier": "bin/prettier.cjs"
      },
      "engines": {
        "node": ">=14"
      },
      "funding": {
        "url": "https://github.com/prettier/prettier?sponsor=1"
      }
    }
  }
}
